Microsoft Visual Studio Solution File, Format Version 12.00
# Visual Studio 2012
Project("{FAE04EC0-301F-11D3-BF4B-00C04F79EFBC}") = "Dungeons and Dragons", "Dungeons and Dragons.csproj", "{EF4E8BDC-FA14-4E4B-B1CC-4F459EB0B84D}"
EndProject
Global
	GlobalSection(SolutionConfigurationPlatforms) = preSolution
	Debug|Any CPU = Debug|Any CPU
	ExportDebug|Any CPU = ExportDebug|Any CPU
	ExportRelease|Any CPU = ExportRelease|Any CPU
	EndGlobalSection
	GlobalSection(ProjectConfigurationPlatforms) = postSolution
		{EF4E8BDC-FA14-4E4B-B1CC-4F459EB0B84D}.Debug|Any CPU.ActiveCfg = Debug|Any CPU
		{EF4E8BDC-FA14-4E4B-B1CC-4F459EB0B84D}.Debug|Any CPU.Build.0 = Debug|Any CPU
		{EF4E8BDC-FA14-4E4B-B1CC-4F459EB0B84D}.ExportDebug|Any CPU.ActiveCfg = ExportDebug|Any CPU
		{EF4E8BDC-FA14-4E4B-B1CC-4F459EB0B84D}.ExportDebug|Any CPU.Build.0 = ExportDebug|Any CPU
		{EF4E8BDC-FA14-4E4B-B1CC-4F459EB0B84D}.ExportRelease|Any CPU.ActiveCfg = ExportRelease|Any CPU
		{EF4E8BDC-FA14-4E4B-B1CC-4F459EB0B84D}.ExportRelease|Any CPU.Build.0 = ExportRelease|Any CPU
	EndGlobalSection
EndGlobal
